
Microsoft Visual Studio Solution File, Format Version 12.00
# Visual Studio Version 17
VisualStudioVersion = 17.8.34330.188
MinimumVisualStudioVersion = 10.0.40219.1
Project("{FAE04EC0-301F-11D3-BF4B-00C04F79EFBC}") = "Test", "Test\Test.csproj", "{86BD7AB4-B176-448C-BEA2-C9E0DFEEE5BD}"
EndProject
Project("{FAE04EC0-301F-11D3-BF4B-00C04F79EFBC}") = "Database", "Infraestructure\Database.csproj", "{AEA53A52-4019-4F4B-B927-7B85F5D10123}"
EndProject
Project("{FAE04EC0-301F-11D3-BF4B-00C04F79EFBC}") = "Service", "Service\Service.csproj", "{3FE91099-C983-4695-8749-452B0B874F84}"
EndProject
Project("{2150E333-8FDC-42A3-9474-1A3956D46DE8}") = "Solution Items", "Solution Items", "{5D099C4B-E687-4312-A0E1-2B300729BF90}"
	ProjectSection(SolutionItems) = preProject
		.editorconfig = .editorconfig
	EndProjectSection
EndProject
Global
	GlobalSection(SolutionConfigurationPlatforms) = preSolution
		Debug|Any CPU = Debug|Any CPU
		Release|Any CPU = Release|Any CPU
	EndGlobalSection
	GlobalSection(ProjectConfigurationPlatforms) = postSolution
		{86BD7AB4-B176-448C-BEA2-C9E0DFEEE5BD}.Debug|Any CPU.ActiveCfg = Debug|Any CPU
		{86BD7AB4-B176-448C-BEA2-C9E0DFEEE5BD}.Debug|Any CPU.Build.0 = Debug|Any CPU
		{86BD7AB4-B176-448C-BEA2-C9E0DFEEE5BD}.Release|Any CPU.ActiveCfg = Release|Any CPU
		{86BD7AB4-B176-448C-BEA2-C9E0DFEEE5BD}.Release|Any CPU.Build.0 = Release|Any CPU
		{AEA53A52-4019-4F4B-B927-7B85F5D10123}.Debug|Any CPU.ActiveCfg = Debug|Any CPU
		{AEA53A52-4019-4F4B-B927-7B85F5D10123}.Debug|Any CPU.Build.0 = Debug|Any CPU
		{AEA53A52-4019-4F4B-B927-7B85F5D10123}.Release|Any CPU.ActiveCfg = Release|Any CPU
		{AEA53A52-4019-4F4B-B927-7B85F5D10123}.Release|Any CPU.Build.0 = Release|Any CPU
		{3FE91099-C983-4695-8749-452B0B874F84}.Debug|Any CPU.ActiveCfg = Debug|Any CPU
		{3FE91099-C983-4695-8749-452B0B874F84}.Debug|Any CPU.Build.0 = Debug|Any CPU
		{3FE91099-C983-4695-8749-452B0B874F84}.Release|Any CPU.ActiveCfg = Release|Any CPU
		{3FE91099-C983-4695-8749-452B0B874F84}.Release|Any CPU.Build.0 = Release|Any CPU
	EndGlobalSection
	GlobalSection(SolutionProperties) = preSolution
		HideSolutionNode = FALSE
	EndGlobalSection
	GlobalSection(ExtensibilityGlobals) = postSolution
		SolutionGuid = {D34BB48B-2EBB-457A-96C6-1DAC255FC6B2}
	EndGlobalSection
EndGlobal
